// !$*UTF8*$!
{
	archiveVersion = 1;
	classes = {
	};
	objectVersion = 56;
	objects = {

/* Begin PBXBuildFile section */
		23B0BE392B9651F4004F43ED /* RecipesApp.swift in Sources */ = {isa = PBXBuildFile; fileRef = 23B0BE382B9651F4004F43ED /* RecipesApp.swift */; };
		23B0BE3B2B9651F4004F43ED /* ContentView.swift in Sources */ = {isa = PBXBuildFile; fileRef = 23B0BE3A2B9651F4004F43ED /* ContentView.swift */; };
		23B0BE3D2B9651F9004F43ED /* Assets.xcassets in Resources */ = {isa = PBXBuildFile; fileRef = 23B0BE3C2B9651F9004F43ED /* Assets.xcassets */; };
		23B0BE402B9651F9004F43ED /* Preview Assets.xcassets in Resources */ = {isa = PBXBuildFile; fileRef = 23B0BE3F2B9651F9004F43ED /* Preview Assets.xcassets */; };
		23B0BE472B9653B5004F43ED /* Meals.swift in Sources */ = {isa = PBXBuildFile; fileRef = 23B0BE462B9653B5004F43ED /* Meals.swift */; };
		23B0BE492B965453004F43ED /* MealsManager.swift in Sources */ = {isa = PBXBuildFile; fileRef = 23B0BE482B965453004F43ED /* MealsManager.swift */; };
		23B0BE4B2B9654B7004F43ED /* APIService.swift in Sources */ = {isa = PBXBuildFile; fileRef = 23B0BE4A2B9654B7004F43ED /* APIService.swift */; };
		23B0BE4D2B9659D2004F43ED /* MealList.swift in Sources */ = {isa = PBXBuildFile; fileRef = 23B0BE4C2B9659D2004F43ED /* MealList.swift */; };
		23B0BE4F2B96666E004F43ED /* Config.plist in Resources */ = {isa = PBXBuildFile; fileRef = 23B0BE4E2B96666E004F43ED /* Config.plist */; };
		23B0BE512B9670F9004F43ED /* MealRow.swift in Sources */ = {isa = PBXBuildFile; fileRef = 23B0BE502B9670F9004F43ED /* MealRow.swift */; };
		23B0BE582B9691B5004F43ED /* MealDetail.swift in Sources */ = {isa = PBXBuildFile; fileRef = 23B0BE572B9691B5004F43ED /* MealDetail.swift */; };
		23B0BE5A2B96C982004F43ED /* MealDetailManager.swift in Sources */ = {isa = PBXBuildFile; fileRef = 23B0BE592B96C982004F43ED /* MealDetailManager.swift */; };
		23B0BE5C2B96CD7B004F43ED /* Meal.swift in Sources */ = {isa = PBXBuildFile; fileRef = 23B0BE5B2B96CD7B004F43ED /* Meal.swift */; };
		23B0BE5E2B96E7B0004F43ED /* Constant.swift in Sources */ = {isa = PBXBuildFile; fileRef = 23B0BE5D2B96E7B0004F43ED /* Constant.swift */; };
		23B0BE602B96E7EE004F43ED /* ErrorCenter.swift in Sources */ = {isa = PBXBuildFile; fileRef = 23B0BE5F2B96E7EE004F43ED /* ErrorCenter.swift */; };
		23B0BE622B979BFC004F43ED /* IngredientCard.swift in Sources */ = {isa = PBXBuildFile; fileRef = 23B0BE612B979BFC004F43ED /* IngredientCard.swift */; };
		23D51AA02B980CD40010D9B6 /* CategoryBar.swift in Sources */ = {isa = PBXBuildFile; fileRef = 23D51A9F2B980CD40010D9B6 /* CategoryBar.swift */; };
/* End PBXBuildFile section */

/* Begin PBXFileReference section */
		23B0BE352B9651F4004F43ED /* Recipes.app */ = {isa = PBXFileReference; explicitFileType = wrapper.application; includeInIndex = 0; path = Recipes.app; sourceTree = BUILT_PRODUCTS_DIR; };
		23B0BE382B9651F4004F43ED /* RecipesApp.swift */ = {isa = PBXFileReference; lastKnownFileType = sourcecode.swift; path = RecipesApp.swift; sourceTree = "<group>"; };
		23B0BE3A2B9651F4004F43ED /* ContentView.swift */ = {isa = PBXFileReference; lastKnownFileType = sourcecode.swift; path = ContentView.swift; sourceTree = "<group>"; };
		23B0BE3C2B9651F9004F43ED /* Assets.xcassets */ = {isa = PBXFileReference; lastKnownFileType = folder.assetcatalog; path = Assets.xcassets; sourceTree = "<group>"; };
		23B0BE3F2B9651F9004F43ED /* Preview Assets.xcassets */ = {isa = PBXFileReference; lastKnownFileType = folder.assetcatalog; path = "Preview Assets.xcassets"; sourceTree = "<group>"; };
		23B0BE462B9653B5004F43ED /* Meals.swift */ = {isa = PBXFileReference; lastKnownFileType = sourcecode.swift; path = Meals.swift; sourceTree = "<group>"; };
		23B0BE482B965453004F43ED /* MealsManager.swift */ = {isa = PBXFileReference; lastKnownFileType = sourcecode.swift; path = MealsManager.swift; sourceTree = "<group>"; };
		23B0BE4A2B9654B7004F43ED /* APIService.swift */ = {isa = PBXFileReference; lastKnownFileType = sourcecode.swift; path = APIService.swift; sourceTree = "<group>"; };
		23B0BE4C2B9659D2004F43ED /* MealList.swift */ = {isa = PBXFileReference; lastKnownFileType = sourcecode.swift; path = MealList.swift; sourceTree = "<group>"; };
		23B0BE4E2B96666E004F43ED /* Config.plist */ = {isa = PBXFileReference; lastKnownFileType = text.plist.xml; path = Config.plist; sourceTree = "<group>"; };
		23B0BE502B9670F9004F43ED /* MealRow.swift */ = {isa = PBXFileReference; lastKnownFileType = sourcecode.swift; path = MealRow.swift; sourceTree = "<group>"; };
		23B0BE572B9691B5004F43ED /* MealDetail.swift */ = {isa = PBXFileReference; lastKnownFileType = sourcecode.swift; path = MealDetail.swift; sourceTree = "<group>"; };
		23B0BE592B96C982004F43ED /* MealDetailManager.swift */ = {isa = PBXFileReference; lastKnownFileType = sourcecode.swift; path = MealDetailManager.swift; sourceTree = "<group>"; };
		23B0BE5B2B96CD7B004F43ED /* Meal.swift */ = {isa = PBXFileReference; lastKnownFileType = sourcecode.swift; path = Meal.swift; sourceTree = "<group>"; };
		23B0BE5D2B96E7B0004F43ED /* Constant.swift */ = {isa = PBXFileReference; lastKnownFileType = sourcecode.swift; path = Constant.swift; sourceTree = "<group>"; };
		23B0BE5F2B96E7EE004F43ED /* ErrorCenter.swift */ = {isa = PBXFileReference; lastKnownFileType = sourcecode.swift; path = ErrorCenter.swift; sourceTree = "<group>"; };
		23B0BE612B979BFC004F43ED /* IngredientCard.swift */ = {isa = PBXFileReference; lastKnownFileType = sourcecode.swift; path = IngredientCard.swift; sourceTree = "<group>"; };
		23D51A9F2B980CD40010D9B6 /* CategoryBar.swift */ = {isa = PBXFileReference; lastKnownFileType = sourcecode.swift; path = CategoryBar.swift; sourceTree = "<group>"; };
/* End PBXFileReference section */

/* Begin PBXFrameworksBuildPhase section */
		23B0BE322B9651F4004F43ED /* Frameworks */ = {
			isa = PBXFrameworksBuildPhase;
			buildActionMask = 2147483647;
			files = (
			);
			runOnlyForDeploymentPostprocessing = 0;
		};
/* End PBXFrameworksBuildPhase section */

/* Begin PBXGroup section */
		23B0BE2C2B9651F4004F43ED = {
			isa = PBXGroup;
			children = (
				23B0BE372B9651F4004F43ED /* Recipes */,
				23B0BE362B9651F4004F43ED /* Products */,
			);
			sourceTree = "<group>";
		};
		23B0BE362B9651F4004F43ED /* Products */ = {
			isa = PBXGroup;
			children = (
				23B0BE352B9651F4004F43ED /* Recipes.app */,
			);
			name = Products;
			sourceTree = "<group>";
		};
		23B0BE372B9651F4004F43ED /* Recipes */ = {
			isa = PBXGroup;
			children = (
				23D51AA42B9932090010D9B6 /* Main */,
				23D51AA22B990D8D0010D9B6 /* ViewModel */,
				23B0BE532B967128004F43ED /* DessertView */,
				23B0BE522B96711B004F43ED /* Models */,
				23D51AA32B9931DF0010D9B6 /* Components */,
				23B0BE542B967141004F43ED /* Utilities */,
				23B0BE3C2B9651F9004F43ED /* Assets.xcassets */,
				23B0BE4E2B96666E004F43ED /* Config.plist */,
				23B0BE3E2B9651F9004F43ED /* Preview Content */,
			);
			path = Recipes;
			sourceTree = "<group>";
		};
		23B0BE3E2B9651F9004F43ED /* Preview Content */ = {
			isa = PBXGroup;
			children = (
				23B0BE3F2B9651F9004F43ED /* Preview Assets.xcassets */,
			);
			path = "Preview Content";
			sourceTree = "<group>";
		};
		23B0BE522B96711B004F43ED /* Models */ = {
			isa = PBXGroup;
			children = (
				23B0BE462B9653B5004F43ED /* Meals.swift */,
				23B0BE5B2B96CD7B004F43ED /* Meal.swift */,
			);
			path = Models;
			sourceTree = "<group>";
		};
		23B0BE532B967128004F43ED /* DessertView */ = {
			isa = PBXGroup;
			children = (
				23B0BE4C2B9659D2004F43ED /* MealList.swift */,
				23B0BE502B9670F9004F43ED /* MealRow.swift */,
				23B0BE572B9691B5004F43ED /* MealDetail.swift */,
			);
			path = DessertView;
			sourceTree = "<group>";
		};
		23B0BE542B967141004F43ED /* Utilities */ = {
			isa = PBXGroup;
			children = (
				23B0BE4A2B9654B7004F43ED /* APIService.swift */,
				23B0BE5D2B96E7B0004F43ED /* Constant.swift */,
				23B0BE5F2B96E7EE004F43ED /* ErrorCenter.swift */,
			);
			path = Utilities;
			sourceTree = "<group>";
		};
		23D51AA22B990D8D0010D9B6 /* ViewModel */ = {
			isa = PBXGroup;
			children = (
				23B0BE482B965453004F43ED /* MealsManager.swift */,
				23B0BE592B96C982004F43ED /* MealDetailManager.swift */,
			);
			path = ViewModel;
			sourceTree = "<group>";
		};
		23D51AA32B9931DF0010D9B6 /* Components */ = {
			isa = PBXGroup;
			children = (
				23B0BE612B979BFC004F43ED /* IngredientCard.swift */,
				23D51A9F2B980CD40010D9B6 /* CategoryBar.swift */,
			);
			path = Components;
			sourceTree = "<group>";
		};
		23D51AA42B9932090010D9B6 /* Main */ = {
			isa = PBXGroup;
			children = (
				23B0BE382B9651F4004F43ED /* RecipesApp.swift */,
				23B0BE3A2B9651F4004F43ED /* ContentView.swift */,
			);
			path = Main;
			sourceTree = "<group>";
		};
/* End PBXGroup section */

/* Begin PBXNativeTarget section */
		23B0BE342B9651F4004F43ED /* Recipes */ = {
			isa = PBXNativeTarget;
			buildConfigurationList = 23B0BE432B9651F9004F43ED /* Build configuration list for PBXNativeTarget "Recipes" */;
			buildPhases = (
				23B0BE312B9651F4004F43ED /* Sources */,
				23B0BE322B9651F4004F43ED /* Frameworks */,
				23B0BE332B9651F4004F43ED /* Resources */,
			);
			buildRules = (
			);
			dependencies = (
			);
			name = Recipes;
			productName = Recipes;
			productReference = 23B0BE352B9651F4004F43ED /* Recipes.app */;
			productType = "com.apple.product-type.application";
		};
/* End PBXNativeTarget section */

/* Begin PBXProject section */
		23B0BE2D2B9651F4004F43ED /* Project object */ = {
			isa = PBXProject;
			attributes = {
				BuildIndependentTargetsInParallel = 1;
				LastSwiftUpdateCheck = 1500;
				LastUpgradeCheck = 1500;
				TargetAttributes = {
					23B0BE342B9651F4004F43ED = {
						CreatedOnToolsVersion = 15.0.1;
					};
				};
			};
			buildConfigurationList = 23B0BE302B9651F4004F43ED /* Build configuration list for PBXProject "Recipes" */;
			compatibilityVersion = "Xcode 14.0";
			developmentRegion = en;
			hasScannedForEncodings = 0;
			knownRegions = (
				en,
				Base,
			);
			mainGroup = 23B0BE2C2B9651F4004F43ED;
			productRefGroup = 23B0BE362B9651F4004F43ED /* Products */;
			projectDirPath = "";
			projectRoot = "";
			targets = (
				23B0BE342B9651F4004F43ED /* Recipes */,
			);
		};
/* End PBXProject section */

/* Begin PBXResourcesBuildPhase section */
		23B0BE332B9651F4004F43ED /* Resources */ = {
			isa = PBXResourcesBuildPhase;
			buildActionMask = 2147483647;
			files = (
				23B0BE402B9651F9004F43ED /* Preview Assets.xcassets in Resources */,
				23B0BE4F2B96666E004F43ED /* Config.plist in Resources */,
				23B0BE3D2B9651F9004F43ED /* Assets.xcassets in Resources */,
			);
			runOnlyForDeploymentPostprocessing = 0;
		};
/* End PBXResourcesBuildPhase section */

/* Begin PBXSourcesBuildPhase section */
		23B0BE312B9651F4004F43ED /* Sources */ = {
			isa = PBXSourcesBuildPhase;
			buildActionMask = 2147483647;
			files = (
				23B0BE622B979BFC004F43ED /* IngredientCard.swift in Sources */,
				23B0BE3B2B9651F4004F43ED /* ContentView.swift in Sources */,
				23B0BE582B9691B5004F43ED /* MealDetail.swift in Sources */,
				23B0BE4B2B9654B7004F43ED /* APIService.swift in Sources */,
				23B0BE4D2B9659D2004F43ED /* MealList.swift in Sources */,
				23B0BE512B9670F9004F43ED /* MealRow.swift in Sources */,
				23B0BE472B9653B5004F43ED /* Meals.swift in Sources */,
				23D51AA02B980CD40010D9B6 /* CategoryBar.swift in Sources */,
				23B0BE5A2B96C982004F43ED /* MealDetailManager.swift in Sources */,
				23B0BE602B96E7EE004F43ED /* ErrorCenter.swift in Sources */,
				23B0BE5C2B96CD7B004F43ED /* Meal.swift in Sources */,
				23B0BE5E2B96E7B0004F43ED /* Constant.swift in Sources */,
				23B0BE392B9651F4004F43ED /* RecipesApp.swift in Sources */,
				23B0BE492B965453004F43ED /* MealsManager.swift in Sources */,
			);
			runOnlyForDeploymentPostprocessing = 0;
		};
/* End PBXSourcesBuildPhase section */

/* Begin XCBuildConfiguration section */
		23B0BE412B9651F9004F43ED /* Debug */ = {
			isa = XCBuildConfiguration;
			buildSettings = {
				ALWAYS_SEARCH_USER_PATHS = NO;
				ASSETCATALOG_COMPILER_GENERATE_SWIFT_ASSET_SYMBOL_EXTENSIONS = YES;
				CLANG_ANALYZER_NONNULL = YES;
				CLANG_ANALYZER_NUMBER_OBJECT_CONVERSION = YES_AGGRESSIVE;
				CLANG_CXX_LANGUAGE_STANDARD = "gnu++20";
				CLANG_ENABLE_MODULES = YES;
				CLANG_ENABLE_OBJC_ARC = YES;
				CLANG_ENABLE_OBJC_WEAK = YES;
				CLANG_WARN_BLOCK_CAPTURE_AUTORELEASING = YES;
				CLANG_WARN_BOOL_CONVERSION = YES;
				CLANG_WARN_COMMA = YES;
				CLANG_WARN_CONSTANT_CONVERSION = YES;
				CLANG_WARN_DEPRECATED_OBJC_IMPLEMENTATIONS = YES;
				CLANG_WARN_DIRECT_OBJC_ISA_USAGE = YES_ERROR;
				CLANG_WARN_DOCUMENTATION_COMMENTS = YES;
				CLANG_WARN_EMPTY_BODY = YES;
				CLANG_WARN_ENUM_CONVERSION = YES;
				CLANG_WARN_INFINITE_RECURSION = YES;
				CLANG_WARN_INT_CONVERSION = YES;
				CLANG_WARN_NON_LITERAL_NULL_CONVERSION = YES;
				CLANG_WARN_OBJC_IMPLICIT_RETAIN_SELF = YES;
				CLANG_WARN_OBJC_LITERAL_CONVERSION = YES;
				CLANG_WARN_OBJC_ROOT_CLASS = YES_ERROR;
				CLANG_WARN_QUOTED_INCLUDE_IN_FRAMEWORK_HEADER = YES;
				CLANG_WARN_RANGE_LOOP_ANALYSIS = YES;
				CLANG_WARN_STRICT_PROTOTYPES = YES;
				CLANG_WARN_SUSPICIOUS_MOVE = YES;
				CLANG_WARN_UNGUARDED_AVAILABILITY = YES_AGGRESSIVE;
				CLANG_WARN_UNREACHABLE_CODE = YES;
				CLANG_WARN__DUPLICATE_METHOD_MATCH = YES;
				COPY_PHASE_STRIP = NO;
				DEBUG_INFORMATION_FORMAT = dwarf;
				ENABLE_STRICT_OBJC_MSGSEND = YES;
				ENABLE_TESTABILITY = YES;
				ENABLE_USER_SCRIPT_SANDBOXING = YES;
				GCC_C_LANGUAGE_STANDARD = gnu17;
				GCC_DYNAMIC_NO_PIC = NO;
				GCC_NO_COMMON_BLOCKS = YES;
				GCC_OPTIMIZATION_LEVEL = 0;
				GCC_PREPROCESSOR_DEFINITIONS = (
					"DEBUG=1",
					"$(inherited)",
				);
				GCC_WARN_64_TO_32_BIT_CONVERSION = YES;
				GCC_WARN_ABOUT_RETURN_TYPE = YES_ERROR;
				GCC_WARN_UNDECLARED_SELECTOR = YES;
				GCC_WARN_UNINITIALIZED_AUTOS = YES_AGGRESSIVE;
				GCC_WARN_UNUSED_FUNCTION = YES;
				GCC_WARN_UNUSED_VARIABLE = YES;
				IPHONEOS_DEPLOYMENT_TARGET = 17.0;
				LOCALIZATION_PREFERS_STRING_CATALOGS = YES;
				MTL_ENABLE_DEBUG_INFO = INCLUDE_SOURCE;
				MTL_FAST_MATH = YES;
				ONLY_ACTIVE_ARCH = YES;
				SDKROOT = iphoneos;
				SWIFT_ACTIVE_COMPILATION_CONDITIONS = "DEBUG $(inherited)";
				SWIFT_OPTIMIZATION_LEVEL = "-Onone";
			};
			name = Debug;
		};
		23B0BE422B9651F9004F43ED /* Release */ = {
			isa = XCBuildConfiguration;
			buildSettings = {
				ALWAYS_SEARCH_USER_PATHS = NO;
				ASSETCATALOG_COMPILER_GENERATE_SWIFT_ASSET_SYMBOL_EXTENSIONS = YES;
				CLANG_ANALYZER_NONNULL = YES;
				CLANG_ANALYZER_NUMBER_OBJECT_CONVERSION = YES_AGGRESSIVE;
				CLANG_CXX_LANGUAGE_STANDARD = "gnu++20";
				CLANG_ENABLE_MODULES = YES;
				CLANG_ENABLE_OBJC_ARC = YES;
				CLANG_ENABLE_OBJC_WEAK = YES;
				CLANG_WARN_BLOCK_CAPTURE_AUTORELEASING = YES;
				CLANG_WARN_BOOL_CONVERSION = YES;
				CLANG_WARN_COMMA = YES;
				CLANG_WARN_CONSTANT_CONVERSION = YES;
				CLANG_WARN_DEPRECATED_OBJC_IMPLEMENTATIONS = YES;
				CLANG_WARN_DIRECT_OBJC_ISA_USAGE = YES_ERROR;
				CLANG_WARN_DOCUMENTATION_COMMENTS = YES;
				CLANG_WARN_EMPTY_BODY = YES;
				CLANG_WARN_ENUM_CONVERSION = YES;
				CLANG_WARN_INFINITE_RECURSION = YES;
				CLANG_WARN_INT_CONVERSION = YES;
				CLANG_WARN_NON_LITERAL_NULL_CONVERSION = YES;
				CLANG_WARN_OBJC_IMPLICIT_RETAIN_SELF = YES;
				CLANG_WARN_OBJC_LITERAL_CONVERSION = YES;
				CLANG_WARN_OBJC_ROOT_CLASS = YES_ERROR;
				CLANG_WARN_QUOTED_INCLUDE_IN_FRAMEWORK_HEADER = YES;
				CLANG_WARN_RANGE_LOOP_ANALYSIS = YES;
				CLANG_WARN_STRICT_PROTOTYPES = YES;
				CLANG_WARN_SUSPICIOUS_MOVE = YES;
				CLANG_WARN_UNGUARDED_AVAILABILITY = YES_AGGRESSIVE;
				CLANG_WARN_UNREACHABLE_CODE = YES;
				CLANG_WARN__DUPLICATE_METHOD_MATCH = YES;
				COPY_PHASE_STRIP = NO;
				DEBUG_INFORMATION_FORMAT = "dwarf-with-dsym";
				ENABLE_NS_ASSERTIONS = NO;
				ENABLE_STRICT_OBJC_MSGSEND = YES;
				ENABLE_USER_SCRIPT_SANDBOXING = YES;
				GCC_C_LANGUAGE_STANDARD = gnu17;
				GCC_NO_COMMON_BLOCKS = YES;
				GCC_WARN_64_TO_32_BIT_CONVERSION = YES;
				GCC_WARN_ABOUT_RETURN_TYPE = YES_ERROR;
				GCC_WARN_UNDECLARED_SELECTOR = YES;
				GCC_WARN_UNINITIALIZED_AUTOS = YES_AGGRESSIVE;
				GCC_WARN_UNUSED_FUNCTION = YES;
				GCC_WARN_UNUSED_VARIABLE = YES;
				IPHONEOS_DEPLOYMENT_TARGET = 17.0;
				LOCALIZATION_PREFERS_STRING_CATALOGS = YES;
				MTL_ENABLE_DEBUG_INFO = NO;
				MTL_FAST_MATH = YES;
				SDKROOT = iphoneos;
				SWIFT_COMPILATION_MODE = wholemodule;
				VALIDATE_PRODUCT = YES;
			};
			name = Release;
		};
		23B0BE442B9651F9004F43ED /* Debug */ = {
			isa = XCBuildConfiguration;
			buildSettings = {
				ASSETCATALOG_COMPILER_APPICON_NAME = AppIcon;
				ASSETCATALOG_COMPILER_GLOBAL_ACCENT_COLOR_NAME = AccentColor;
				CODE_SIGN_STYLE = Automatic;
				CURRENT_PROJECT_VERSION = 1;
				DEVELOPMENT_ASSET_PATHS = "\"Recipes/Preview Content\"";
				DEVELOPMENT_TEAM = C48968WB52;
				ENABLE_PREVIEWS = YES;
				GENERATE_INFOPLIST_FILE = YES;
				INFOPLIST_KEY_UIApplicationSceneManifest_Generation = YES;
				INFOPLIST_KEY_UIApplicationSupportsIndirectInputEvents = YES;
				INFOPLIST_KEY_UILaunchScreen_Generation = YES;
				INFOPLIST_KEY_UISupportedInterfaceOrientations_iPad = "UIInterfaceOrientationPortrait UIInterfaceOrientationPortraitUpsideDown UIInterfaceOrientationLandscapeLeft UIInterfaceOrientationLandscapeRight";
				INFOPLIST_KEY_UISupportedInterfaceOrientations_iPhone = "UIInterfaceOrientationPortrait UIInterfaceOrientationLandscapeLeft UIInterfaceOrientationLandscapeRight";
				LD_RUNPATH_SEARCH_PATHS = (
					"$(inherited)",
					"@executable_path/Frameworks",
				);
				MARKETING_VERSION = 1.0;
				PRODUCT_BUNDLE_IDENTIFIER = CJ.Recipes;
				PRODUCT_NAME = "$(TARGET_NAME)";
				SWIFT_EMIT_LOC_STRINGS = YES;
				SWIFT_VERSION = 5.0;
				TARGETED_DEVICE_FAMILY = "1,2";
			};
			name = Debug;
		};
		23B0BE452B9651F9004F43ED /* Release */ = {
			isa = XCBuildConfiguration;
			buildSettings = {
				ASSETCATALOG_COMPILER_APPICON_NAME = AppIcon;
				ASSETCATALOG_COMPILER_GLOBAL_ACCENT_COLOR_NAME = AccentColor;
				CODE_SIGN_STYLE = Automatic;
				CURRENT_PROJECT_VERSION = 1;
				DEVELOPMENT_ASSET_PATHS = "\"Recipes/Preview Content\"";
				DEVELOPMENT_TEAM = C48968WB52;
				ENABLE_PREVIEWS = YES;
				GENERATE_INFOPLIST_FILE = YES;
				INFOPLIST_KEY_UIApplicationSceneManifest_Generation = YES;
				INFOPLIST_KEY_UIApplicationSupportsIndirectInputEvents = YES;
				INFOPLIST_KEY_UILaunchScreen_Generation = YES;
				INFOPLIST_KEY_UISupportedInterfaceOrientations_iPad = "UIInterfaceOrientationPortrait UIInterfaceOrientationPortraitUpsideDown UIInterfaceOrientationLandscapeLeft UIInterfaceOrientationLandscapeRight";
				INFOPLIST_KEY_UISupportedInterfaceOrientations_iPhone = "UIInterfaceOrientationPortrait UIInterfaceOrientationLandscapeLeft UIInterfaceOrientationLandscapeRight";
				LD_RUNPATH_SEARCH_PATHS = (
					"$(inherited)",
					"@executable_path/Frameworks",
				);
				MARKETING_VERSION = 1.0;
				PRODUCT_BUNDLE_IDENTIFIER = CJ.Recipes;
				PRODUCT_NAME = "$(TARGET_NAME)";
				SWIFT_EMIT_LOC_STRINGS = YES;
				SWIFT_VERSION = 5.0;
				TARGETED_DEVICE_FAMILY = "1,2";
			};
			name = Release;
		};
/* End XCBuildConfiguration section */

/* Begin XCConfigurationList section */
		23B0BE302B9651F4004F43ED /* Build configuration list for PBXProject "Recipes" */ = {
			isa = XCConfigurationList;
			buildConfigurations = (
				23B0BE412B9651F9004F43ED /* Debug */,
				23B0BE422B9651F9004F43ED /* Release */,
			);
			defaultConfigurationIsVisible = 0;
			defaultConfigurationName = Release;
		};
		23B0BE432B9651F9004F43ED /* Build configuration list for PBXNativeTarget "Recipes" */ = {
			isa = XCConfigurationList;
			buildConfigurations = (
				23B0BE442B9651F9004F43ED /* Debug */,
				23B0BE452B9651F9004F43ED /* Release */,
			);
			defaultConfigurationIsVisible = 0;
			defaultConfigurationName = Release;
		};
/* End XCConfigurationList section */
	};
	rootObject = 23B0BE2D2B9651F4004F43ED /* Project object */;
}
